// !$*UTF8*$!
{
	archiveVersion = 1;
	classes = {
	};
	objectVersion = 42;
	objects = {

/* Begin PBXBuildFile section */
		BE48FD5F07AFA17000BB41DA /* SDL_ttf.h in Headers */ = {isa = PBXBuildFile; fileRef = 1014BAEA010A4B677F000001 /* SDL_ttf.h */; settings = {ATTRIBUTES = (Public, ); }; };
		BE48FD6207AFA17000BB41DA /* SDL_ttf.c in Sources */ = {isa = PBXBuildFile; fileRef = F567D67A01CD962A01F3E8B9 /* SDL_ttf.c */; };
		BE48FD6B07AFA17000BB41DA /* SDL_ttf.c in Sources */ = {isa = PBXBuildFile; fileRef = F567D67A01CD962A01F3E8B9 /* SDL_ttf.c */; };
		BE48FD8407AFA29000BB41DA /* SDL.framework in Frameworks */ = {isa = PBXBuildFile; fileRef = BE48FD8307AFA29000BB41DA /* SDL.framework */; };
/* End PBXBuildFile section */

/* Begin PBXContainerItemProxy section */
		BE48FD7907AFA17100BB41DA /* PBXContainerItemProxy */ = {
			isa = PBXContainerItemProxy;
			containerPortal = 0867D690FE84028FC02AAC07 /* Project object */;
			proxyType = 1;
			remoteGlobalIDString = BE48FD5D07AFA17000BB41DA;
			remoteInfo = "Framework (Upgraded)";
		};
/* End PBXContainerItemProxy section */

/* Begin PBXFileReference section */
		1014BAEA010A4B677F000001 /* SDL_ttf.h */ = {isa = PBXFileReference; fileEncoding = 30; lastKnownFileType = sourcecode.c.h; name = SDL_ttf.h; path = ../SDL_ttf.h; sourceTree = SOURCE_ROOT; };
		BE48FD6607AFA17000BB41DA /* Info-Framework__Upgraded_.plist */ = {isa = PBXFileReference; lastKnownFileType = text.plist.xml; path = "Info-Framework__Upgraded_.plist"; sourceTree = "<group>"; };
		BE48FD6707AFA17000BB41DA /* SDL_ttf.framework */ = {isa = PBXFileReference; explicitFileType = wrapper.framework; includeInIndex = 0; path = SDL_ttf.framework; sourceTree = BUILT_PRODUCTS_DIR; };
		BE48FD6E07AFA17000BB41DA /* libSDL_ttf.a */ = {isa = PBXFileReference; explicitFileType = archive.ar; includeInIndex = 0; path = libSDL_ttf.a; sourceTree = BUILT_PRODUCTS_DIR; };
		BE48FD7207AFA17000BB41DA /* Create DMG */ = {isa = PBXFileReference; explicitFileType = "compiled.mach-o.executable"; includeInIndex = 0; path = "Create DMG"; sourceTree = BUILT_PRODUCTS_DIR; };
		BE48FD8307AFA29000BB41DA /* SDL.framework */ = {isa = PBXFileReference; lastKnownFileType = wrapper.framework; name = SDL.framework; path = /Library/Frameworks/SDL.framework; sourceTree = "<absolute>"; };
		F567D67A01CD962A01F3E8B9 /* SDL_ttf.c */ = {isa = PBXFileReference; fileEncoding = 30; lastKnownFileType = sourcecode.c.c; name = SDL_ttf.c; path = ../SDL_ttf.c; sourceTree = SOURCE_ROOT; };
		F59C710300D5CB5801000001 /* ReadMe.txt */ = {isa = PBXFileReference; fileEncoding = 30; lastKnownFileType = text; path = ReadMe.txt; sourceTree = "<group>"; };
		F59C710400D5CB5801000001 /* Welcome.txt */ = {isa = PBXFileReference; fileEncoding = 30; lastKnownFileType = text; path = Welcome.txt; sourceTree = "<group>"; };
		F59C710600D5CB5801000001 /* SDL_ttf.info */ = {isa = PBXFileReference; fileEncoding = 30; lastKnownFileType = text; path = SDL_ttf.info; sourceTree = "<group>"; };
/* End PBXFileReference section */

/* Begin PBXFrameworksBuildPhase section */
		BE48FD6307AFA17000BB41DA /* Frameworks */ = {
			isa = PBXFrameworksBuildPhase;
			buildActionMask = 2147483647;
			files = (
				BE48FD8407AFA29000BB41DA /* SDL.framework in Frameworks */,
			);
			runOnlyForDeploymentPostprocessing = 0;
		};
		BE48FD6C07AFA17000BB41DA /* Frameworks */ = {
			isa = PBXFrameworksBuildPhase;
			buildActionMask = 2147483647;
			files = (
			);
			runOnlyForDeploymentPostprocessing = 0;
		};
/* End PBXFrameworksBuildPhase section */

/* Begin PBXGroup section */
		0153844A006D81B07F000001 /* Public Headers */ = {
			isa = PBXGroup;
			children = (
				1014BAEA010A4B677F000001 /* SDL_ttf.h */,
			);
			name = "Public Headers";
			sourceTree = "<group>";
		};
		034768DDFF38A45A11DB9C8B /* Products */ = {
			isa = PBXGroup;
			children = (
				089C1665FE841158C02AAC07 /* Resources */,
				BE48FD6707AFA17000BB41DA /* SDL_ttf.framework */,
				BE48FD6E07AFA17000BB41DA /* libSDL_ttf.a */,
				BE48FD7207AFA17000BB41DA /* Create DMG */,
			);
			name = Products;
			sourceTree = "<group>";
		};
		0867D691FE84028FC02AAC07 /* SDL_ttfFramework */ = {
			isa = PBXGroup;
			children = (
				F59C70FC00D5CB5801000001 /* pkg-support */,
				0153844A006D81B07F000001 /* Public Headers */,
				08FB77ACFE841707C02AAC07 /* Library Source */,
				BE48FD8107AFA26B00BB41DA /* Frameworks */,
				034768DDFF38A45A11DB9C8B /* Products */,
				BE48FD6607AFA17000BB41DA /* Info-Framework__Upgraded_.plist */,
			);
			name = SDL_ttfFramework;
			sourceTree = "<group>";
		};
		089C1665FE841158C02AAC07 /* Resources */ = {
			isa = PBXGroup;
			children = (
			);
			name = Resources;
			sourceTree = "<group>";
		};
		08FB77ACFE841707C02AAC07 /* Library Source */ = {
			isa = PBXGroup;
			children = (
				F567D67A01CD962A01F3E8B9 /* SDL_ttf.c */,
			);
			name = "Library Source";
			sourceTree = "<group>";
		};
		BE48FD8107AFA26B00BB41DA /* Frameworks */ = {
			isa = PBXGroup;
			children = (
				BE48FD8207AFA27300BB41DA /* Linked Frameworks */,
			);
			name = Frameworks;
			sourceTree = "<group>";
		};
		BE48FD8207AFA27300BB41DA /* Linked Frameworks */ = {
			isa = PBXGroup;
			children = (
				BE48FD8307AFA29000BB41DA /* SDL.framework */,
			);
			name = "Linked Frameworks";
			sourceTree = "<group>";
		};
		F59C70FC00D5CB5801000001 /* pkg-support */ = {
			isa = PBXGroup;
			children = (
				F59C710100D5CB5801000001 /* resources */,
				F59C710600D5CB5801000001 /* SDL_ttf.info */,
			);
			path = "pkg-support";
			sourceTree = SOURCE_ROOT;
		};
		F59C710100D5CB5801000001 /* resources */ = {
			isa = PBXGroup;
			children = (
				F59C710300D5CB5801000001 /* ReadMe.txt */,
				F59C710400D5CB5801000001 /* Welcome.txt */,
			);
			path = resources;
			sourceTree = "<group>";
		};
/* End PBXGroup section */

/* Begin PBXHeadersBuildPhase section */
		BE48FD5E07AFA17000BB41DA /* Headers */ = {
			isa = PBXHeadersBuildPhase;
			buildActionMask = 2147483647;
			files = (
				BE48FD5F07AFA17000BB41DA /* SDL_ttf.h in Headers */,
			);
			runOnlyForDeploymentPostprocessing = 0;
		};
		BE48FD6907AFA17000BB41DA /* Headers */ = {
			isa = PBXHeadersBuildPhase;
			buildActionMask = 2147483647;
			files = (
			);
			runOnlyForDeploymentPostprocessing = 0;
		};
/* End PBXHeadersBuildPhase section */

/* Begin PBXNativeTarget section */
		BE48FD5D07AFA17000BB41DA /* Framework */ = {
			isa = PBXNativeTarget;
			buildConfigurationList = 00B7E1E9097E26C600826121 /* Build configuration list for PBXNativeTarget "Framework" */;
			buildPhases = (
				BE48FD5E07AFA17000BB41DA /* Headers */,
				BE48FD6007AFA17000BB41DA /* Resources */,
				BE48FD6107AFA17000BB41DA /* Sources */,
				BE48FD6307AFA17000BB41DA /* Frameworks */,
				BE48FD6407AFA17000BB41DA /* Rez */,
			);
			buildRules = (
			);
			comments = "Installed into ~/Library/Frameworks/SDL_ttf.framework\n\nAdd -framework SDL_ttf to your linker flags\nAdd ~/Library/Frameworks/SDL_ttf.framework/Headers to your header search path\nAdd ~/Library/Frameworks to your library search path";
			dependencies = (
			);
			name = Framework;
			productInstallPath = "@executable_path/../Frameworks";
			productName = SDL_ttf;
			productReference = BE48FD6707AFA17000BB41DA /* SDL_ttf.framework */;
			productType = "com.apple.product-type.framework";
		};
		BE48FD6807AFA17000BB41DA /* Static Library */ = {
			isa = PBXNativeTarget;
			buildConfigurationList = 00B7E1ED097E26C600826121 /* Build configuration list for PBXNativeTarget "Static Library" */;
			buildPhases = (
				BE48FD6907AFA17000BB41DA /* Headers */,
				BE48FD6A07AFA17000BB41DA /* Sources */,
				BE48FD6C07AFA17000BB41DA /* Frameworks */,
				BE48FD6D07AFA17000BB41DA /* Rez */,
			);
			buildRules = (
			);
			dependencies = (
			);
			name = "Static Library";
			productInstallPath = /usr/local/lib;
			productName = "Static Library";
			productReference = BE48FD6E07AFA17000BB41DA /* libSDL_ttf.a */;
			productType = "com.apple.product-type.library.static";
		};
		BE48FD6F07AFA17000BB41DA /* Create DMG */ = {
			isa = PBXNativeTarget;
			buildConfigurationList = 00B7E1F1097E26C600826121 /* Build configuration list for PBXNativeTarget "Create DMG" */;
			buildPhases = (
				BE48FD7107AFA17000BB41DA /* ShellScript */,
			);
			buildRules = (
			);
			dependencies = (
				BE48FD7A07AFA17100BB41DA /* PBXTargetDependency */,
			);
			name = "Create DMG";
			productInstallPath = /usr/local/bin;
			productName = "Standard Package";
			productReference = BE48FD7207AFA17000BB41DA /* Create DMG */;
			productType = "com.apple.product-type.tool";
		};
/* End PBXNativeTarget section */

/* Begin PBXProject section */
		0867D690FE84028FC02AAC07 /* Project object */ = {
			isa = PBXProject;
			buildConfigurationList = 00B7E1F5097E26C600826121 /* Build configuration list for PBXProject "SDL_ttf" */;
			compatibilityVersion = "Xcode 2.4";
			hasScannedForEncodings = 1;
			mainGroup = 0867D691FE84028FC02AAC07 /* SDL_ttfFramework */;
			productRefGroup = 034768DDFF38A45A11DB9C8B /* Products */;
			projectDirPath = "";
			projectRoot = "";
			targets = (
				BE48FD5D07AFA17000BB41DA /* Framework */,
				BE48FD6807AFA17000BB41DA /* Static Library */,
				BE48FD6F07AFA17000BB41DA /* Create DMG */,
			);
		};
/* End PBXProject section */

/* Begin PBXResourcesBuildPhase section */
		BE48FD6007AFA17000BB41DA /* Resources */ = {
			isa = PBXResourcesBuildPhase;
			buildActionMask = 2147483647;
			files = (
			);
			runOnlyForDeploymentPostprocessing = 0;
		};
/* End PBXResourcesBuildPhase section */

/* Begin PBXRezBuildPhase section */
		BE48FD6407AFA17000BB41DA /* Rez */ = {
			isa = PBXRezBuildPhase;
			buildActionMask = 2147483647;
			files = (
			);
			runOnlyForDeploymentPostprocessing = 0;
		};
		BE48FD6D07AFA17000BB41DA /* Rez */ = {
			isa = PBXRezBuildPhase;
			buildActionMask = 2147483647;
			files = (
			);
			runOnlyForDeploymentPostprocessing = 0;
		};
/* End PBXRezBuildPhase section */

/* Begin PBXShellScriptBuildPhase section */
		BE48FD7107AFA17000BB41DA /* ShellScript */ = {
			isa = PBXShellScriptBuildPhase;
			buildActionMask = 2147483647;
			files = (
			);
			runOnlyForDeploymentPostprocessing = 0;
			shellPath = /bin/sh;
			shellScript = "# clean up the framework, remove headers, extra files\nmkdir -p build/dmg-tmp\n/Developer/Tools/CpMac -r $TARGET_BUILD_DIR/SDL_ttf.framework build/dmg-tmp/\ncp pkg-support/resources/ReadMe.txt build/dmg-tmp\n\n# remove the .DS_Store files if any (we may want to provide one in the future for fancy .dmgs)\nrm -rf build/dmg-tmp/.DS_Store\n\n# create the dmg\nhdiutil create -ov -fs HFS+ -volname SDL_ttf -srcfolder build/dmg-tmp build/SDL_ttf.dmg\n\n# clean up\nrm -rf build/dmg-tmp\n\n# compress it???\n#(cd build; gnutar -zcvf SDL_ttf.dmg.tar.gz SDL_ttf.dmg)";
		};
/* End PBXShellScriptBuildPhase section */

/* Begin PBXSourcesBuildPhase section */
		BE48FD6107AFA17000BB41DA /* Sources */ = {
			isa = PBXSourcesBuildPhase;
			buildActionMask = 2147483647;
			files = (
				BE48FD6207AFA17000BB41DA /* SDL_ttf.c in Sources */,
			);
			runOnlyForDeploymentPostprocessing = 0;
		};
		BE48FD6A07AFA17000BB41DA /* Sources */ = {
			isa = PBXSourcesBuildPhase;
			buildActionMask = 2147483647;
			files = (
				BE48FD6B07AFA17000BB41DA /* SDL_ttf.c in Sources */,
			);
			runOnlyForDeploymentPostprocessing = 0;
		};
/* End PBXSourcesBuildPhase section */

/* Begin PBXTargetDependency section */
		BE48FD7A07AFA17100BB41DA /* PBXTargetDependency */ = {
			isa = PBXTargetDependency;
			target = BE48FD5D07AFA17000BB41DA /* Framework */;
			targetProxy = BE48FD7907AFA17100BB41DA /* PBXContainerItemProxy */;
		};
/* End PBXTargetDependency section */

/* Begin XCBuildConfiguration section */
		00B7E1EA097E26C600826121 /* Development */ = {
			isa = XCBuildConfiguration;
			buildSettings = {
				DYLIB_COMPATIBILITY_VERSION = 1;
				DYLIB_CURRENT_VERSION = 1;
				FRAMEWORK_SEARCH_PATHS = (
					"$(HOME)/Library/Frameworks",
					/Library/Frameworks,
				);
				FRAMEWORK_VERSION = A;
				GCC_DYNAMIC_NO_PIC = NO;
				GCC_ENABLE_FIX_AND_CONTINUE = YES;
				GCC_GENERATE_DEBUGGING_SYMBOLS = YES;
				GCC_OPTIMIZATION_LEVEL = 0;
				GCC_SYMBOLS_PRIVATE_EXTERN = YES;
				HEADER_SEARCH_PATHS = (
					"$(HOME)/Library/Frameworks/SDL.framework/Headers",
					/Library/Frameworks/SDL.framework/Headers,
					$SDKROOT/usr/X11R6/include,
					$SDKROOT/usr/X11R6/include/freetype2,
					$SDKROOT/usr/X11R6/include/freetype2/freetype,
				);
				INFOPLIST_FILE = "Info-Framework__Upgraded_.plist";
				INSTALL_PATH = "@executable_path/../Frameworks";
				LIBRARY_SEARCH_PATHS = $SDKROOT/usr/X11R6/lib;
				OTHER_CFLAGS = "";
				OTHER_LDFLAGS = "-lfreetype";
				PRODUCT_NAME = SDL_ttf;
				SECTORDER_FLAGS = "";
				WARNING_CFLAGS = (
					"-Wall",
					"-Wno-four-char-constants",
				);
				WRAPPER_EXTENSION = framework;
			};
			name = Development;
		};
		00B7E1EB097E26C600826121 /* Deployment */ = {
			isa = XCBuildConfiguration;
			buildSettings = {
				DYLIB_COMPATIBILITY_VERSION = 1;
				DYLIB_CURRENT_VERSION = 1;
				FRAMEWORK_SEARCH_PATHS = (
					"$(HOME)/Library/Frameworks",
					/Library/Frameworks,
				);
				FRAMEWORK_VERSION = A;
				GCC_ENABLE_FIX_AND_CONTINUE = NO;
				GCC_GENERATE_DEBUGGING_SYMBOLS = NO;
				GCC_SYMBOLS_PRIVATE_EXTERN = YES;
				HEADER_SEARCH_PATHS = (
					"$(HOME)/Library/Frameworks/SDL.framework/Headers",
					/Library/Frameworks/SDL.framework/Headers,
					$SDKROOT/usr/X11R6/include,
					$SDKROOT/usr/X11R6/include/freetype2,
					$SDKROOT/usr/X11R6/include/freetype2/freetype,
				);
				INFOPLIST_FILE = "Info-Framework__Upgraded_.plist";
				INSTALL_PATH = "@executable_path/../Frameworks";
				LIBRARY_SEARCH_PATHS = $SDKROOT/usr/X11R6/lib;
				OTHER_CFLAGS = "";
				OTHER_LDFLAGS = "-lfreetype";
				PRODUCT_NAME = SDL_ttf;
				SECTORDER_FLAGS = "";
				WARNING_CFLAGS = (
					"-Wall",
					"-Wno-four-char-constants",
				);
				WRAPPER_EXTENSION = framework;
			};
			name = Deployment;
		};
		00B7E1EC097E26C600826121 /* Default */ = {
			isa = XCBuildConfiguration;
			buildSettings = {
				DYLIB_COMPATIBILITY_VERSION = 1;
				DYLIB_CURRENT_VERSION = 1;
				FRAMEWORK_SEARCH_PATHS = (
					"$(HOME)/Library/Frameworks",
					/Library/Frameworks,
				);
				FRAMEWORK_VERSION = A;
				GCC_GENERATE_DEBUGGING_SYMBOLS = NO;
				GCC_SYMBOLS_PRIVATE_EXTERN = YES;
				HEADER_SEARCH_PATHS = (
					"$(HOME)/Library/Frameworks/SDL.framework/Headers",
					/Library/Frameworks/SDL.framework/Headers,
					$SDKROOT/usr/X11R6/include,
					$SDKROOT/usr/X11R6/include/freetype2,
					$SDKROOT/usr/X11R6/include/freetype2/freetype,
				);
				INFOPLIST_FILE = "Info-Framework__Upgraded_.plist";
				INSTALL_PATH = "@executable_path/../Frameworks";
				LIBRARY_SEARCH_PATHS = $SDKROOT/usr/X11R6/lib;
				OTHER_CFLAGS = "";
				OTHER_LDFLAGS = "-lfreetype";
				PRODUCT_NAME = SDL_ttf;
				SECTORDER_FLAGS = "";
				WARNING_CFLAGS = (
					"-Wall",
					"-Wno-four-char-constants",
				);
				WRAPPER_EXTENSION = framework;
			};
			name = Default;
		};
		00B7E1EE097E26C600826121 /* Development */ = {
			isa = XCBuildConfiguration;
			buildSettings = {
				DYLIB_COMPATIBILITY_VERSION = 1;
				DYLIB_CURRENT_VERSION = 1;
				FRAMEWORK_SEARCH_PATHS = "";
				GCC_DYNAMIC_NO_PIC = NO;
				GCC_ENABLE_FIX_AND_CONTINUE = YES;
				GCC_GENERATE_DEBUGGING_SYMBOLS = YES;
				GCC_OPTIMIZATION_LEVEL = 0;
				HEADER_SEARCH_PATHS = (
					"$(HOME)/Library/Frameworks/SDL.framework/Headers",
					/Library/Frameworks/SDL.framework/Headers,
					$SDKROOT/usr/X11R6/include/freetype2,
					$SDKROOT/usr/X11R6/include/freetype2/freetype,
					$SDKROOT/usr/X11R6/include,
				);
				LIBRARY_SEARCH_PATHS = $SDKROOT/usr/X11R6/lib;
				LIBRARY_STYLE = STATIC;
				OTHER_LIBTOOL_FLAGS = "";
				OTHER_REZFLAGS = "";
				PRODUCT_NAME = SDL_ttf;
				REZ_EXECUTABLE = YES;
				SECTORDER_FLAGS = "";
				WARNING_CFLAGS = (
					"-Wmost",
					"-Wno-four-char-constants",
					"-Wno-unknown-pragmas",
				);
			};
			name = Development;
		};
		00B7E1EF097E26C600826121 /* Deployment */ = {
			isa = XCBuildConfiguration;
			buildSettings = {
				DYLIB_COMPATIBILITY_VERSION = 1;
				DYLIB_CURRENT_VERSION = 1;
				FRAMEWORK_SEARCH_PATHS = "";
				GCC_ENABLE_FIX_AND_CONTINUE = NO;
				GCC_GENERATE_DEBUGGING_SYMBOLS = NO;
				GCC_OPTIMIZATION_LEVEL = 3;
				HEADER_SEARCH_PATHS = (
					"$(HOME)/Library/Frameworks/SDL.framework/Headers",
					/Library/Frameworks/SDL.framework/Headers,
					$SDKROOT/usr/X11R6/include/freetype2,
					$SDKROOT/usr/X11R6/include/freetype2/freetype,
					$SDKROOT/usr/X11R6/include,
				);
				LIBRARY_SEARCH_PATHS = $SDKROOT/usr/X11R6/lib;
				LIBRARY_STYLE = STATIC;
				OTHER_LIBTOOL_FLAGS = "";
				OTHER_REZFLAGS = "";
				PRODUCT_NAME = SDL_ttf;
				REZ_EXECUTABLE = YES;
				SECTORDER_FLAGS = "";
				WARNING_CFLAGS = (
					"-Wmost",
					"-Wno-four-char-constants",
					"-Wno-unknown-pragmas",
				);
			};
			name = Deployment;
		};
		00B7E1F0097E26C600826121 /* Default */ = {
			isa = XCBuildConfiguration;
			buildSettings = {
				DYLIB_COMPATIBILITY_VERSION = 1;
				DYLIB_CURRENT_VERSION = 1;
				FRAMEWORK_SEARCH_PATHS = "";
				GCC_GENERATE_DEBUGGING_SYMBOLS = NO;
				GCC_OPTIMIZATION_LEVEL = 3;
				HEADER_SEARCH_PATHS = (
					"$(HOME)/Library/Frameworks/SDL.framework/Headers",
					/Library/Frameworks/SDL.framework/Headers,
					$SDKROOT/usr/X11R6/include/freetype2,
					$SDKROOT/usr/X11R6/include/freetype2/freetype,
					$SDKROOT/usr/X11R6/include,
				);
				LIBRARY_SEARCH_PATHS = $SDKROOT/usr/X11R6/lib;
				LIBRARY_STYLE = STATIC;
				OTHER_LIBTOOL_FLAGS = "";
				OTHER_REZFLAGS = "";
				PRODUCT_NAME = SDL_ttf;
				REZ_EXECUTABLE = YES;
				SECTORDER_FLAGS = "";
				WARNING_CFLAGS = (
					"-Wmost",
					"-Wno-four-char-constants",
					"-Wno-unknown-pragmas",
				);
			};
			name = Default;
		};
		00B7E1F2097E26C600826121 /* Development */ = {
			isa = XCBuildConfiguration;
			buildSettings = {
				GCC_DYNAMIC_NO_PIC = NO;
				GCC_ENABLE_FIX_AND_CONTINUE = YES;
				GCC_GENERATE_DEBUGGING_SYMBOLS = YES;
				GCC_OPTIMIZATION_LEVEL = 0;
				OTHER_CFLAGS = "";
				OTHER_LDFLAGS = "";
				OTHER_REZFLAGS = "";
				PRODUCT_NAME = "Create DMG";
				REZ_EXECUTABLE = YES;
				SECTORDER_FLAGS = "";
				WARNING_CFLAGS = (
					"-Wmost",
					"-Wno-four-char-constants",
					"-Wno-unknown-pragmas",
				);
				ZERO_LINK = YES;
			};
			name = Development;
		};
		00B7E1F3097E26C600826121 /* Deployment */ = {
			isa = XCBuildConfiguration;
			buildSettings = {
				GCC_ENABLE_FIX_AND_CONTINUE = NO;
				OTHER_CFLAGS = "";
				OTHER_LDFLAGS = "";
				OTHER_REZFLAGS = "";
				PRODUCT_NAME = "Create DMG";
				REZ_EXECUTABLE = YES;
				SECTORDER_FLAGS = "";
				WARNING_CFLAGS = (
					"-Wmost",
					"-Wno-four-char-constants",
					"-Wno-unknown-pragmas",
				);
				ZERO_LINK = NO;
			};
			name = Deployment;
		};
		00B7E1F4097E26C600826121 /* Default */ = {
			isa = XCBuildConfiguration;
			buildSettings = {
				OTHER_CFLAGS = "";
				OTHER_LDFLAGS = "";
				OTHER_REZFLAGS = "";
				PRODUCT_NAME = "Create DMG";
				REZ_EXECUTABLE = YES;
				SECTORDER_FLAGS = "";
				WARNING_CFLAGS = (
					"-Wmost",
					"-Wno-four-char-constants",
					"-Wno-unknown-pragmas",
				);
			};
			name = Default;
		};
		00B7E1F6097E26C600826121 /* Development */ = {
			isa = XCBuildConfiguration;
			buildSettings = {
				ARCHS = "$(ARCHS_STANDARD_32_64_BIT_PRE_XCODE_3_1)";
				ARCHS_STANDARD_32_64_BIT_PRE_XCODE_3_1 = "x86_64 i386 ppc";
				GCC_VERSION_i386 = 4.0;
				GCC_VERSION_ppc = 4.0;
				GCC_VERSION_x86_64 = 4.2;
				MACOSX_DEPLOYMENT_TARGET_i386 = 10.4;
				MACOSX_DEPLOYMENT_TARGET_ppc = 10.4;
				MACOSX_DEPLOYMENT_TARGET_x86_64 = 10.6;
				SDKROOT = /Developer/SDKs/MacOSX10.4u.sdk;
				SDKROOT_i386 = /Developer/SDKs/MacOSX10.4u.sdk;
				SDKROOT_ppc = /Developer/SDKs/MacOSX10.4u.sdk;
				SDKROOT_x86_64 = /Developer/SDKs/MacOSX10.6.sdk;
			};
			name = Development;
		};
		00B7E1F7097E26C600826121 /* Deployment */ = {
			isa = XCBuildConfiguration;
			buildSettings = {
				ARCHS = "$(ARCHS_STANDARD_32_64_BIT_PRE_XCODE_3_1)";
				ARCHS_STANDARD_32_64_BIT_PRE_XCODE_3_1 = "x86_64 i386 ppc";
				GCC_VERSION_i386 = 4.0;
				GCC_VERSION_ppc = 4.0;
				GCC_VERSION_x86_64 = 4.2;
				MACOSX_DEPLOYMENT_TARGET_i386 = 10.4;
				MACOSX_DEPLOYMENT_TARGET_ppc = 10.4;
				MACOSX_DEPLOYMENT_TARGET_x86_64 = 10.6;
				SDKROOT = /Developer/SDKs/MacOSX10.4u.sdk;
				SDKROOT_i386 = /Developer/SDKs/MacOSX10.4u.sdk;
				SDKROOT_ppc = /Developer/SDKs/MacOSX10.4u.sdk;
				SDKROOT_x86_64 = /Developer/SDKs/MacOSX10.6.sdk;
			};
			name = Deployment;
		};
		00B7E1F8097E26C600826121 /* Default */ = {
			isa = XCBuildConfiguration;
			buildSettings = {
				ARCHS = "$(ARCHS_STANDARD_32_64_BIT_PRE_XCODE_3_1)";
				ARCHS_STANDARD_32_64_BIT_PRE_XCODE_3_1 = "x86_64 i386 ppc";
				GCC_VERSION_i386 = 4.0;
				GCC_VERSION_ppc = 4.0;
				GCC_VERSION_x86_64 = 4.2;
				MACOSX_DEPLOYMENT_TARGET_i386 = 10.4;
				MACOSX_DEPLOYMENT_TARGET_ppc = 10.4;
				MACOSX_DEPLOYMENT_TARGET_x86_64 = 10.6;
				SDKROOT = /Developer/SDKs/MacOSX10.4u.sdk;
				SDKROOT_i386 = /Developer/SDKs/MacOSX10.4u.sdk;
				SDKROOT_ppc = /Developer/SDKs/MacOSX10.4u.sdk;
				SDKROOT_x86_64 = /Developer/SDKs/MacOSX10.6.sdk;
			};
			name = Default;
		};
/* End XCBuildConfiguration section */

/* Begin XCConfigurationList section */
		00B7E1E9097E26C600826121 /* Build configuration list for PBXNativeTarget "Framework" */ = {
			isa = XCConfigurationList;
			buildConfigurations = (
				00B7E1EA097E26C600826121 /* Development */,
				00B7E1EB097E26C600826121 /* Deployment */,
				00B7E1EC097E26C600826121 /* Default */,
			);
			defaultConfigurationIsVisible = 0;
			defaultConfigurationName = Default;
		};
		00B7E1ED097E26C600826121 /* Build configuration list for PBXNativeTarget "Static Library" */ = {
			isa = XCConfigurationList;
			buildConfigurations = (
				00B7E1EE097E26C600826121 /* Development */,
				00B7E1EF097E26C600826121 /* Deployment */,
				00B7E1F0097E26C600826121 /* Default */,
			);
			defaultConfigurationIsVisible = 0;
			defaultConfigurationName = Default;
		};
		00B7E1F1097E26C600826121 /* Build configuration list for PBXNativeTarget "Create DMG" */ = {
			isa = XCConfigurationList;
			buildConfigurations = (
				00B7E1F2097E26C600826121 /* Development */,
				00B7E1F3097E26C600826121 /* Deployment */,
				00B7E1F4097E26C600826121 /* Default */,
			);
			defaultConfigurationIsVisible = 0;
			defaultConfigurationName = Default;
		};
		00B7E1F5097E26C600826121 /* Build configuration list for PBXProject "SDL_ttf" */ = {
			isa = XCConfigurationList;
			buildConfigurations = (
				00B7E1F6097E26C600826121 /* Development */,
				00B7E1F7097E26C600826121 /* Deployment */,
				00B7E1F8097E26C600826121 /* Default */,
			);
			defaultConfigurationIsVisible = 0;
			defaultConfigurationName = Default;
		};
/* End XCConfigurationList section */
	};
	rootObject = 0867D690FE84028FC02AAC07 /* Project object */;
}
