// !$*UTF8*$!
{
	archiveVersion = 1;
	classes = {
	};
	objectVersion = 39;
	objects = {
		080E96DDFE201D6D7F000001 = {
			children = (
				F5A47A9D01A0482F01D3D55B,
				F5A47A9E01A0483001D3D55B,
			);
			isa = PBXGroup;
			name = Classes;
			refType = 4;
			sourceTree = "<group>";
		};
		089C165CFE840E0CC02AAC07 = {
			children = (
				089C165DFE840E0CC02AAC07,
			);
			isa = PBXVariantGroup;
			name = InfoPlist.strings;
			refType = 4;
			sourceTree = "<group>";
		};
		089C165DFE840E0CC02AAC07 = {
			fileEncoding = 10;
			isa = PBXFileReference;
			lastKnownFileType = text.plist.strings;
			name = English;
			path = English.lproj/InfoPlist.strings;
			refType = 4;
			sourceTree = "<group>";
		};
//080
//081
//082
//083
//084
//100
//101
//102
//103
//104
		1058C7A0FEA54F0111CA2CBB = {
			children = (
				BE48FE3907AFA6AB00BB41DA,
				BE48FE3A07AFA6AB00BB41DA,
				BE48FE6D07AFA72B00BB41DA,
				1058C7A1FEA54F0111CA2CBB,
			);
			isa = PBXGroup;
			name = "Linked Frameworks";
			refType = 4;
			sourceTree = "<group>";
		};
		1058C7A1FEA54F0111CA2CBB = {
			isa = PBXFileReference;
			lastKnownFileType = wrapper.framework;
			name = Cocoa.framework;
			path = /System/Library/Frameworks/Cocoa.framework;
			refType = 0;
			sourceTree = "<absolute>";
		};
		1058C7A2FEA54F0111CA2CBB = {
			children = (
				29B97325FDCFA39411CA2CEA,
				29B97324FDCFA39411CA2CEA,
			);
			isa = PBXGroup;
			name = "Other Frameworks";
			refType = 4;
			sourceTree = "<group>";
		};
//100
//101
//102
//103
//104
//190
//191
//192
//193
//194
		19C28FACFE9D520D11CA2CBB = {
			children = (
				BE48FE3707AFA69500BB41DA,
			);
			isa = PBXGroup;
			name = Products;
			refType = 4;
			sourceTree = "<group>";
		};
//190
//191
//192
//193
//194
//290
//291
//292
//293
//294
		29B97313FDCFA39411CA2CEA = {
			buildSettings = {
			};
			buildStyles = (
				4A9504CCFFE6A4B311CA0CBA,
				4A9504CDFFE6A4B311CA0CBA,
			);
			hasScannedForEncodings = 0;
			isa = PBXProject;
			mainGroup = 29B97314FDCFA39411CA2CEA;
			projectDirPath = "";
			targets = (
				BE48FE2C07AFA69500BB41DA,
			);
		};
		29B97314FDCFA39411CA2CEA = {
			children = (
				080E96DDFE201D6D7F000001,
				29B97315FDCFA39411CA2CEA,
				29B97317FDCFA39411CA2CEA,
				29B97323FDCFA39411CA2CEA,
				19C28FACFE9D520D11CA2CBB,
				BE48FE3607AFA69500BB41DA,
			);
			isa = PBXGroup;
			name = "SDL App";
			path = "";
			refType = 4;
			sourceTree = "<group>";
		};
		29B97315FDCFA39411CA2CEA = {
			children = (
				F567D68C01CDA86B01F3E8B9,
			);
			isa = PBXGroup;
			name = "Other Sources";
			path = "";
			refType = 4;
			sourceTree = "<group>";
		};
		29B97317FDCFA39411CA2CEA = {
			children = (
				089C165CFE840E0CC02AAC07,
			);
			isa = PBXGroup;
			name = Resources;
			path = "";
			refType = 4;
			sourceTree = "<group>";
		};
		29B97323FDCFA39411CA2CEA = {
			children = (
				1058C7A0FEA54F0111CA2CBB,
				1058C7A2FEA54F0111CA2CBB,
			);
			isa = PBXGroup;
			name = Frameworks;
			path = "";
			refType = 4;
			sourceTree = "<group>";
		};
		29B97324FDCFA39411CA2CEA = {
			isa = PBXFileReference;
			lastKnownFileType = wrapper.framework;
			name = AppKit.framework;
			path = /System/Library/Frameworks/AppKit.framework;
			refType = 0;
			sourceTree = "<absolute>";
		};
		29B97325FDCFA39411CA2CEA = {
			isa = PBXFileReference;
			lastKnownFileType = wrapper.framework;
			name = Foundation.framework;
			path = /System/Library/Frameworks/Foundation.framework;
			refType = 0;
			sourceTree = "<absolute>";
		};
//290
//291
//292
//293
//294
//4A0
//4A1
//4A2
//4A3
//4A4
		4A9504CCFFE6A4B311CA0CBA = {
			buildSettings = {
				COPY_PHASE_STRIP = NO;
				GCC_DYNAMIC_NO_PIC = NO;
				GCC_ENABLE_FIX_AND_CONTINUE = YES;
				GCC_GENERATE_DEBUGGING_SYMBOLS = YES;
				GCC_OPTIMIZATION_LEVEL = 0;
				OPTIMIZATION_CFLAGS = "-O0";
				ZERO_LINK = YES;
			};
			isa = PBXBuildStyle;
			name = Development;
		};
		4A9504CDFFE6A4B311CA0CBA = {
			buildSettings = {
				COPY_PHASE_STRIP = YES;
				GCC_ENABLE_FIX_AND_CONTINUE = NO;
				ZERO_LINK = NO;
			};
			isa = PBXBuildStyle;
			name = Deployment;
		};
//4A0
//4A1
//4A2
//4A3
//4A4
//BE0
//BE1
//BE2
//BE3
//BE4
		BE48FE2C07AFA69500BB41DA = {
			buildPhases = (
				BE48FE2D07AFA69500BB41DA,
				BE48FE2F07AFA69500BB41DA,
				BE48FE3107AFA69500BB41DA,
				BE48FE3407AFA69500BB41DA,
			);
			buildRules = (
			);
			buildSettings = {
				FRAMEWORK_SEARCH_PATHS = "\"$(HOME)/Library/Frameworks\" \"/Library/Frameworks\"";
				GCC_PREPROCESSOR_DEFINITIONS = HAVE_OPENGL;
				HEADER_SEARCH_PATHS = "\"$(HOME)/Library/Frameworks/SDL.framework/Headers\" \"/Library/Frameworks/SDL.framework/Headers\" \"$(HOME)/Library/Frameworks/SDL_ttf.framework/Headers\" \"/Library/Frameworks/SDL_ttf.framework/Headers\"";
				INFOPLIST_FILE = "Info-glfont__Upgraded_.plist";
				INSTALL_PATH = "$(HOME)/Applications";
				LIBRARY_SEARCH_PATHS = "";
				OTHER_CFLAGS = "";
				OTHER_LDFLAGS = "";
				PRODUCT_NAME = glfont;
				SECTORDER_FLAGS = "";
				WARNING_CFLAGS = "-Wmost -Wno-four-char-constants -Wno-unknown-pragmas";
				WRAPPER_EXTENSION = app;
			};
			dependencies = (
			);
			isa = PBXNativeTarget;
			name = glfont;
			productInstallPath = "$(HOME)/Applications";
			productName = "SDL App";
			productReference = BE48FE3707AFA69500BB41DA;
			productType = "com.apple.product-type.application";
		};
		BE48FE2D07AFA69500BB41DA = {
			buildActionMask = 2147483647;
			files = (
				BE48FE2E07AFA69500BB41DA,
			);
			isa = PBXHeadersBuildPhase;
			runOnlyForDeploymentPostprocessing = 0;
		};
		BE48FE2E07AFA69500BB41DA = {
			fileRef = F5A47A9D01A0482F01D3D55B;
			isa = PBXBuildFile;
			settings = {
			};
		};
		BE48FE2F07AFA69500BB41DA = {
			buildActionMask = 2147483647;
			files = (
				BE48FE3007AFA69500BB41DA,
			);
			isa = PBXResourcesBuildPhase;
			runOnlyForDeploymentPostprocessing = 0;
		};
		BE48FE3007AFA69500BB41DA = {
			fileRef = 089C165CFE840E0CC02AAC07;
			isa = PBXBuildFile;
			settings = {
			};
		};
		BE48FE3107AFA69500BB41DA = {
			buildActionMask = 2147483647;
			files = (
				BE48FE3207AFA69500BB41DA,
				BE48FE3307AFA69500BB41DA,
			);
			isa = PBXSourcesBuildPhase;
			runOnlyForDeploymentPostprocessing = 0;
		};
		BE48FE3207AFA69500BB41DA = {
			fileRef = F5A47A9E01A0483001D3D55B;
			isa = PBXBuildFile;
			settings = {
			};
		};
		BE48FE3307AFA69500BB41DA = {
			fileRef = F567D68C01CDA86B01F3E8B9;
			isa = PBXBuildFile;
			settings = {
			};
		};
		BE48FE3407AFA69500BB41DA = {
			buildActionMask = 2147483647;
			files = (
				BE48FE3507AFA69500BB41DA,
				BE48FE3B07AFA6AB00BB41DA,
				BE48FE3C07AFA6AB00BB41DA,
				BE48FE6E07AFA72B00BB41DA,
			);
			isa = PBXFrameworksBuildPhase;
			runOnlyForDeploymentPostprocessing = 0;
		};
		BE48FE3507AFA69500BB41DA = {
			fileRef = 1058C7A1FEA54F0111CA2CBB;
			isa = PBXBuildFile;
			settings = {
			};
		};
		BE48FE3607AFA69500BB41DA = {
			isa = PBXFileReference;
			lastKnownFileType = text.xml;
			path = "Info-glfont__Upgraded_.plist";
			refType = 4;
			sourceTree = "<group>";
		};
		BE48FE3707AFA69500BB41DA = {
			explicitFileType = wrapper.application;
			includeInIndex = 0;
			isa = PBXFileReference;
			path = glfont.app;
			refType = 3;
			sourceTree = BUILT_PRODUCTS_DIR;
		};
		BE48FE3907AFA6AB00BB41DA = {
			isa = PBXFileReference;
			lastKnownFileType = wrapper.framework;
			name = SDL_ttf.framework;
			path = /Library/Frameworks/SDL_ttf.framework;
			refType = 0;
			sourceTree = "<absolute>";
		};
		BE48FE3A07AFA6AB00BB41DA = {
			isa = PBXFileReference;
			lastKnownFileType = wrapper.framework;
			name = SDL.framework;
			path = /Library/Frameworks/SDL.framework;
			refType = 0;
			sourceTree = "<absolute>";
		};
		BE48FE3B07AFA6AB00BB41DA = {
			fileRef = BE48FE3907AFA6AB00BB41DA;
			isa = PBXBuildFile;
			settings = {
			};
		};
		BE48FE3C07AFA6AB00BB41DA = {
			fileRef = BE48FE3A07AFA6AB00BB41DA;
			isa = PBXBuildFile;
			settings = {
			};
		};
		BE48FE6D07AFA72B00BB41DA = {
			isa = PBXFileReference;
			lastKnownFileType = wrapper.framework;
			name = OpenGL.framework;
			path = /System/Library/Frameworks/OpenGL.framework;
			refType = 0;
			sourceTree = "<absolute>";
		};
		BE48FE6E07AFA72B00BB41DA = {
			fileRef = BE48FE6D07AFA72B00BB41DA;
			isa = PBXBuildFile;
			settings = {
			};
		};
//BE0
//BE1
//BE2
//BE3
//BE4
//F50
//F51
//F52
//F53
//F54
		F567D68C01CDA86B01F3E8B9 = {
			isa = PBXFileReference;
			lastKnownFileType = sourcecode.c.c;
			name = glfont.c;
			path = ../../glfont.c;
			refType = 2;
			sourceTree = SOURCE_ROOT;
		};
		F5A47A9D01A0482F01D3D55B = {
			isa = PBXFileReference;
			lastKnownFileType = sourcecode.c.h;
			path = SDLMain.h;
			refType = 2;
			sourceTree = SOURCE_ROOT;
		};
		F5A47A9E01A0483001D3D55B = {
			isa = PBXFileReference;
			lastKnownFileType = sourcecode.c.objc;
			path = SDLMain.m;
			refType = 2;
			sourceTree = SOURCE_ROOT;
		};
	};
	rootObject = 29B97313FDCFA39411CA2CEA;
}
